// !$*UTF8*$!
{
	archiveVersion = 1;
	classes = {
	};
	objectVersion = 44;
	objects = {

/* Begin PBXBuildFile section */
		0B1DB7780FAE7FB900B867C5 /* XPListBox.cpp in Sources */ = {isa = PBXBuildFile; fileRef = 0B1DB7750FAE7FB900B867C5 /* XPListBox.cpp */; };
		0B1DB7790FAE7FB900B867C5 /* XPPopups.cpp in Sources */ = {isa = PBXBuildFile; fileRef = 0B1DB7760FAE7FB900B867C5 /* XPPopups.cpp */; };
		0B8C6B290FB6421700B67754 /* Server.c in Sources */ = {isa = PBXBuildFile; fileRef = 0B8C6B280FB6421700B67754 /* Server.c */; };
		0B8C6B3B0FB7413800B67754 /* Window.c in Sources */ = {isa = PBXBuildFile; fileRef = 0B8C6B3A0FB7413800B67754 /* Window.c */; };
		0B8C6E4B0FB7E00600B67754 /* Preferences.c in Sources */ = {isa = PBXBuildFile; fileRef = 0B8C6E4A0FB7E00600B67754 /* Preferences.c */; };
		0BF5A979102E48F100CCADD3 /* bsd-strlcat.c in Sources */ = {isa = PBXBuildFile; fileRef = 0BF5A978102E48F100CCADD3 /* bsd-strlcat.c */; };
		4AED38EB0DCCE6F700B89CAC /* iX-Yoke-plugin.c in Sources */ = {isa = PBXBuildFile; fileRef = 4AED38EA0DCCE6F700B89CAC /* iX-Yoke-plugin.c */; };
		D2AAC0B105546B7500DB518D /* Carbon.framework in Frameworks */ = {isa = PBXBuildFile; fileRef = 08FB77AAFE841565C02AAC07 /* Carbon.framework */; };
/* End PBXBuildFile section */

/* Begin PBXBuildRule section */
		0BDEB0DC106FD759005AEA51 /* PBXBuildRule */ = {
			isa = PBXBuildRule;
			compilerSpec = com.apple.compilers.gcc.4_0;
			fileType = sourcecode.c;
			isEditable = 1;
			outputFiles = (
			);
		};
/* End PBXBuildRule section */

/* Begin PBXFileReference section */
		08FB77AAFE841565C02AAC07 /* Carbon.framework */ = {isa = PBXFileReference; lastKnownFileType = wrapper.framework; name = Carbon.framework; path = /System/Library/Frameworks/Carbon.framework; sourceTree = "<absolute>"; };
		0B1DB7750FAE7FB900B867C5 /* XPListBox.cpp */ = {isa = PBXFileReference; fileEncoding = 4; lastKnownFileType = sourcecode.cpp.cpp; path = XPListBox.cpp; sourceTree = "<group>"; };
		0B1DB7760FAE7FB900B867C5 /* XPPopups.cpp */ = {isa = PBXFileReference; fileEncoding = 4; lastKnownFileType = sourcecode.cpp.cpp; path = XPPopups.cpp; sourceTree = "<group>"; };
		0B1DB7770FAE7FB900B867C5 /* XPWidgetsEx.h */ = {isa = PBXFileReference; fileEncoding = 4; lastKnownFileType = sourcecode.c.h; path = XPWidgetsEx.h; sourceTree = "<group>"; };
		0B6341480FA8C64000C511A9 /* iX_Yoke_Network.h */ = {isa = PBXFileReference; fileEncoding = 4; lastKnownFileType = sourcecode.c.h; path = iX_Yoke_Network.h; sourceTree = "<group>"; };
		0B8C6B280FB6421700B67754 /* Server.c */ = {isa = PBXFileReference; fileEncoding = 4; lastKnownFileType = sourcecode.c.c; path = Server.c; sourceTree = "<group>"; };
		0B8C6B2C0FB6423100B67754 /* iX-Yoke-plugin.h */ = {isa = PBXFileReference; fileEncoding = 4; lastKnownFileType = sourcecode.c.h; path = "iX-Yoke-plugin.h"; sourceTree = "<group>"; };
		0B8C6B3A0FB7413800B67754 /* Window.c */ = {isa = PBXFileReference; fileEncoding = 4; lastKnownFileType = sourcecode.c.c; path = Window.c; sourceTree = "<group>"; };
		0B8C6E4A0FB7E00600B67754 /* Preferences.c */ = {isa = PBXFileReference; fileEncoding = 4; lastKnownFileType = sourcecode.c.c; path = Preferences.c; sourceTree = "<group>"; };
		0BF5A978102E48F100CCADD3 /* bsd-strlcat.c */ = {isa = PBXFileReference; fileEncoding = 4; lastKnownFileType = sourcecode.c.c; path = "bsd-strlcat.c"; sourceTree = "<group>"; };
		32BAE0B70371A74B00C91783 /* iX-Yoke-plugin_Prefix.pch */ = {isa = PBXFileReference; fileEncoding = 4; lastKnownFileType = sourcecode.c.h; path = "iX-Yoke-plugin_Prefix.pch"; sourceTree = "<group>"; };
		4AED38EA0DCCE6F700B89CAC /* iX-Yoke-plugin.c */ = {isa = PBXFileReference; fileEncoding = 4; lastKnownFileType = sourcecode.c.c; path = "iX-Yoke-plugin.c"; sourceTree = "<group>"; };
		D2AAC09D05546B4700DB518D /* Wi-Fly-mac.xpl */ = {isa = PBXFileReference; explicitFileType = "compiled.mach-o.dylib"; includeInIndex = 0; path = "Wi-Fly-mac.xpl"; sourceTree = BUILT_PRODUCTS_DIR; };
/* End PBXFileReference section */

/* Begin PBXFrameworksBuildPhase section */
		D2AAC09B05546B4700DB518D /* Frameworks */ = {
			isa = PBXFrameworksBuildPhase;
			buildActionMask = 2147483647;
			files = (
				D2AAC0B105546B7500DB518D /* Carbon.framework in Frameworks */,
			);
			runOnlyForDeploymentPostprocessing = 0;
		};
/* End PBXFrameworksBuildPhase section */

/* Begin PBXGroup section */
		034768DDFF38A45A11DB9C8B /* Products */ = {
			isa = PBXGroup;
			children = (
				D2AAC09D05546B4700DB518D /* Wi-Fly-mac.xpl */,
			);
			name = Products;
			sourceTree = "<group>";
		};
		0867D691FE84028FC02AAC07 /* iX-Yoke-plugin */ = {
			isa = PBXGroup;
			children = (
				0BA805AF106FD5480076932C /* Headers */,
				0B1DB7740FAE7FB900B867C5 /* ThirdParty */,
				08FB77ACFE841707C02AAC07 /* Source */,
				0867D69AFE84028FC02AAC07 /* External Frameworks and Libraries */,
				034768DDFF38A45A11DB9C8B /* Products */,
			);
			name = "iX-Yoke-plugin";
			sourceTree = "<group>";
		};
		0867D69AFE84028FC02AAC07 /* External Frameworks and Libraries */ = {
			isa = PBXGroup;
			children = (
				08FB77AAFE841565C02AAC07 /* Carbon.framework */,
			);
			name = "External Frameworks and Libraries";
			sourceTree = "<group>";
		};
		08FB77ACFE841707C02AAC07 /* Source */ = {
			isa = PBXGroup;
			children = (
				4AED38EA0DCCE6F700B89CAC /* iX-Yoke-plugin.c */,
				0B8C6B280FB6421700B67754 /* Server.c */,
				0B8C6B3A0FB7413800B67754 /* Window.c */,
				0B8C6E4A0FB7E00600B67754 /* Preferences.c */,
				0BF5A978102E48F100CCADD3 /* bsd-strlcat.c */,
			);
			name = Source;
			path = src;
			sourceTree = "<group>";
		};
		0B1DB7740FAE7FB900B867C5 /* ThirdParty */ = {
			isa = PBXGroup;
			children = (
				0B1DB7750FAE7FB900B867C5 /* XPListBox.cpp */,
				0B1DB7760FAE7FB900B867C5 /* XPPopups.cpp */,
				0B1DB7770FAE7FB900B867C5 /* XPWidgetsEx.h */,
			);
			path = ThirdParty;
			sourceTree = "<group>";
		};
		0BA805AF106FD5480076932C /* Headers */ = {
			isa = PBXGroup;
			children = (
				0B6341480FA8C64000C511A9 /* iX_Yoke_Network.h */,
				0B8C6B2C0FB6423100B67754 /* iX-Yoke-plugin.h */,
				32BAE0B70371A74B00C91783 /* iX-Yoke-plugin_Prefix.pch */,
			);
			name = Headers;
			sourceTree = "<group>";
		};
/* End PBXGroup section */

/* Begin PBXNativeTarget section */
		D2AAC09C05546B4700DB518D /* Wi-Fly-mac */ = {
			isa = PBXNativeTarget;
			buildConfigurationList = 1DEB916008733D950010E9CD /* Build configuration list for PBXNativeTarget "Wi-Fly-mac" */;
			buildPhases = (
				D2AAC09B05546B4700DB518D /* Frameworks */,
				D2AAC09A05546B4700DB518D /* Sources */,
			);
			buildRules = (
				0BDEB0DC106FD759005AEA51 /* PBXBuildRule */,
			);
			dependencies = (
			);
			name = "Wi-Fly-mac";
			productName = "iX-Yoke-plugin";
			productReference = D2AAC09D05546B4700DB518D /* Wi-Fly-mac.xpl */;
			productType = "com.apple.product-type.library.dynamic";
		};
/* End PBXNativeTarget section */

/* Begin PBXProject section */
		0867D690FE84028FC02AAC07 /* Project object */ = {
			isa = PBXProject;
			buildConfigurationList = 1DEB916408733D950010E9CD /* Build configuration list for PBXProject "Wi-Fly-plugin" */;
			compatibilityVersion = "Xcode 3.0";
			hasScannedForEncodings = 1;
			mainGroup = 0867D691FE84028FC02AAC07 /* iX-Yoke-plugin */;
			productRefGroup = 034768DDFF38A45A11DB9C8B /* Products */;
			projectDirPath = "";
			projectRoot = "";
			targets = (
				D2AAC09C05546B4700DB518D /* Wi-Fly-mac */,
			);
		};
/* End PBXProject section */

/* Begin PBXSourcesBuildPhase section */
		D2AAC09A05546B4700DB518D /* Sources */ = {
			isa = PBXSourcesBuildPhase;
			buildActionMask = 2147483647;
			files = (
				4AED38EB0DCCE6F700B89CAC /* iX-Yoke-plugin.c in Sources */,
				0B1DB7780FAE7FB900B867C5 /* XPListBox.cpp in Sources */,
				0B1DB7790FAE7FB900B867C5 /* XPPopups.cpp in Sources */,
				0B8C6B290FB6421700B67754 /* Server.c in Sources */,
				0B8C6B3B0FB7413800B67754 /* Window.c in Sources */,
				0B8C6E4B0FB7E00600B67754 /* Preferences.c in Sources */,
				0BF5A979102E48F100CCADD3 /* bsd-strlcat.c in Sources */,
			);
			runOnlyForDeploymentPostprocessing = 0;
		};
/* End PBXSourcesBuildPhase section */

/* Begin XCBuildConfiguration section */
		1DEB916108733D950010E9CD /* Debug */ = {
			isa = XCBuildConfiguration;
			buildSettings = {
				COPY_PHASE_STRIP = NO;
				DYLIB_COMPATIBILITY_VERSION = 1;
				DYLIB_CURRENT_VERSION = 1;
				EXECUTABLE_EXTENSION = xpl;
				GCC_DYNAMIC_NO_PIC = NO;
				GCC_ENABLE_FIX_AND_CONTINUE = NO;
				GCC_MODEL_TUNING = G5;
				GCC_OPTIMIZATION_LEVEL = 0;
				GCC_PRECOMPILE_PREFIX_HEADER = YES;
				GCC_PREFIX_HEADER = "iX-Yoke-plugin_Prefix.pch";
				GCC_PREPROCESSOR_DEFINITIONS = (
					"APL=1",
					"IBM=0",
					"LIN=0",
				);
				HEADER_SEARCH_PATHS = (
					"$(XPSDK_ROOT)/CHeaders/XPLM",
					"$(XPSDK_ROOT)/CHeaders/Widgets",
					"$(XPSDK_ROOT)/CHeaders/Wrappers",
					"$(HEADER_SEARCH_PATHS)",
				);
				INSTALL_PATH = /usr/local/lib;
				OTHER_LDFLAGS = (
					"-flat_namespace",
					"-undefined",
					warning,
				);
				PRODUCT_NAME = "Wi-Fly-mac";
				SDKROOT = "$(DEVELOPER_SDK_DIR)/MacOSX10.4u.sdk";
				SKIP_INSTALL = YES;
				XPSDK_ROOT = SDK;
				ZERO_LINK = YES;
			};
			name = Debug;
		};
		1DEB916208733D950010E9CD /* Release */ = {
			isa = XCBuildConfiguration;
			buildSettings = {
				DEBUG_INFORMATION_FORMAT = "dwarf-with-dsym";
				DYLIB_COMPATIBILITY_VERSION = 1;
				DYLIB_CURRENT_VERSION = 1;
				EXECUTABLE_EXTENSION = xpl;
				GCC_ENABLE_FIX_AND_CONTINUE = NO;
				GCC_MODEL_TUNING = G5;
				GCC_OPTIMIZATION_LEVEL = s;
				GCC_PRECOMPILE_PREFIX_HEADER = YES;
				GCC_PREFIX_HEADER = "iX-Yoke-plugin_Prefix.pch";
				GCC_PREPROCESSOR_DEFINITIONS = (
					"APL=1",
					"IBM=0",
					"LIN=0",
				);
				HEADER_SEARCH_PATHS = (
					"$(XPSDK_ROOT)/CHeaders/**",
					"$(HEADER_SEARCH_PATHS)",
				);
				INSTALL_PATH = /usr/local/lib;
				OTHER_LDFLAGS = (
					"-flat_namespace",
					"-undefined",
					warning,
				);
				PRODUCT_NAME = "Wi-Fly-mac";
				SDKROOT = "$(DEVELOPER_SDK_DIR)/MacOSX10.4u.sdk";
				SKIP_INSTALL = YES;
				XPSDK_ROOT = SDK;
			};
			name = Release;
		};
		1DEB916508733D950010E9CD /* Debug */ = {
			isa = XCBuildConfiguration;
			buildSettings = {
				GCC_C_LANGUAGE_STANDARD = gnu99;
				GCC_WARN_ABOUT_RETURN_TYPE = YES;
				GCC_WARN_UNUSED_VARIABLE = YES;
				PREBINDING = NO;
				SDKROOT = "$(DEVELOPER_SDK_DIR)/MacOSX10.4u.sdk";
			};
			name = Debug;
		};
		1DEB916608733D950010E9CD /* Release */ = {
			isa = XCBuildConfiguration;
			buildSettings = {
				ARCHS = (
					ppc,
					i386,
				);
				GCC_C_LANGUAGE_STANDARD = gnu99;
				GCC_VERSION = 4.0;
				GCC_WARN_ABOUT_RETURN_TYPE = YES;
				GCC_WARN_UNUSED_VARIABLE = YES;
				PREBINDING = NO;
				SDKROOT = "$(DEVELOPER_SDK_DIR)/MacOSX10.4u.sdk";
			};
			name = Release;
		};
/* End XCBuildConfiguration section */

/* Begin XCConfigurationList section */
		1DEB916008733D950010E9CD /* Build configuration list for PBXNativeTarget "Wi-Fly-mac" */ = {
			isa = XCConfigurationList;
			buildConfigurations = (
				1DEB916108733D950010E9CD /* Debug */,
				1DEB916208733D950010E9CD /* Release */,
			);
			defaultConfigurationIsVisible = 0;
			defaultConfigurationName = Release;
		};
		1DEB916408733D950010E9CD /* Build configuration list for PBXProject "Wi-Fly-plugin" */ = {
			isa = XCConfigurationList;
			buildConfigurations = (
				1DEB916508733D950010E9CD /* Debug */,
				1DEB916608733D950010E9CD /* Release */,
			);
			defaultConfigurationIsVisible = 0;
			defaultConfigurationName = Release;
		};
/* End XCConfigurationList section */
	};
	rootObject = 0867D690FE84028FC02AAC07 /* Project object */;
}
