// !$*UTF8*$!
{
	archiveVersion = 1;
	classes = {
	};
	objectVersion = 45;
	objects = {

/* Begin PBXBuildFile section */
		0B08BDE40FA447AA00BAF947 /* AsyncUdpSocket.m in Sources */ = {isa = PBXBuildFile; fileRef = 0B08BDE30FA447AA00BAF947 /* AsyncUdpSocket.m */; };
		0B54D5F21056024500540CC7 /* iTunesArtwork in Resources */ = {isa = PBXBuildFile; fileRef = 0BD16DB710514E310095D600 /* iTunesArtwork */; };
		0B6340110FA8960000C511A9 /* LinearWheelControl.m in Sources */ = {isa = PBXBuildFile; fileRef = 0B6340100FA8960000C511A9 /* LinearWheelControl.m */; };
		0B63404C0FA8A4C100C511A9 /* Default Linear Wheel BG.png in Resources */ = {isa = PBXBuildFile; fileRef = 0B63404A0FA8A4C100C511A9 /* Default Linear Wheel BG.png */; };
		0B63404D0FA8A4C100C511A9 /* Default Linear Wheel Thumb.png in Resources */ = {isa = PBXBuildFile; fileRef = 0B63404B0FA8A4C100C511A9 /* Default Linear Wheel Thumb.png */; };
		0B63426B0FA91BC200C511A9 /* TrackPadControl.m in Sources */ = {isa = PBXBuildFile; fileRef = 0B63426A0FA91BC200C511A9 /* TrackPadControl.m */; };
		0B8BA85C10572D8A00D42EDD /* Default.png in Resources */ = {isa = PBXBuildFile; fileRef = 0B8BA85B10572D8A00D42EDD /* Default.png */; };
		0BD16DB810514E310095D600 /* Icon.png in Resources */ = {isa = PBXBuildFile; fileRef = 0BD16DB610514E310095D600 /* Icon.png */; };
		0BD16E2E1051708A0095D600 /* HelpViewController.m in Sources */ = {isa = PBXBuildFile; fileRef = 0BD16E2D1051708A0095D600 /* HelpViewController.m */; };
		0BD16E33105172F20095D600 /* local-help in Resources */ = {isa = PBXBuildFile; fileRef = 0BD16E2F105172F20095D600 /* local-help */; };
		1D3623260D0F684500981E51 /* iX_YokeAppDelegate.m in Sources */ = {isa = PBXBuildFile; fileRef = 1D3623250D0F684500981E51 /* iX_YokeAppDelegate.m */; };
		1D60589B0D05DD56006BFB54 /* main.m in Sources */ = {isa = PBXBuildFile; fileRef = 29B97316FDCFA39411CA2CEA /* main.m */; };
		1D60589F0D05DD5A006BFB54 /* Foundation.framework in Frameworks */ = {isa = PBXBuildFile; fileRef = 1D30AB110D05D00D00671497 /* Foundation.framework */; };
		1DF5F4E00D08C38300B7A737 /* UIKit.framework in Frameworks */ = {isa = PBXBuildFile; fileRef = 1DF5F4DF0D08C38300B7A737 /* UIKit.framework */; };
		280E754D0DD40C5E005A515E /* FlipsideView.xib in Resources */ = {isa = PBXBuildFile; fileRef = 280E754A0DD40C5E005A515E /* FlipsideView.xib */; };
		280E754E0DD40C5E005A515E /* MainView.xib in Resources */ = {isa = PBXBuildFile; fileRef = 280E754B0DD40C5E005A515E /* MainView.xib */; };
		280E754F0DD40C5E005A515E /* MainWindow.xib in Resources */ = {isa = PBXBuildFile; fileRef = 280E754C0DD40C5E005A515E /* MainWindow.xib */; };
		288765590DF743DE002DB57D /* CoreGraphics.framework in Frameworks */ = {isa = PBXBuildFile; fileRef = 288765580DF743DE002DB57D /* CoreGraphics.framework */; };
		289233AE0DB2D0DB0083E9F9 /* MainViewController.m in Sources */ = {isa = PBXBuildFile; fileRef = 289233A90DB2D0DB0083E9F9 /* MainViewController.m */; };
		289233B00DB2D0DB0083E9F9 /* FlipsideViewController.m in Sources */ = {isa = PBXBuildFile; fileRef = 289233AD0DB2D0DB0083E9F9 /* FlipsideViewController.m */; };
/* End PBXBuildFile section */

/* Begin PBXFileReference section */
		0B08BDE20FA447AA00BAF947 /* AsyncUdpSocket.h */ = {isa = PBXFileReference; fileEncoding = 4; lastKnownFileType = sourcecode.c.h; name = AsyncUdpSocket.h; path = "3rd Party/AsyncSocket-trunk/AsyncUdpSocket.h"; sourceTree = "<group>"; };
		0B08BDE30FA447AA00BAF947 /* AsyncUdpSocket.m */ = {isa = PBXFileReference; fileEncoding = 4; lastKnownFileType = sourcecode.c.objc; name = AsyncUdpSocket.m; path = "3rd Party/AsyncSocket-trunk/AsyncUdpSocket.m"; sourceTree = "<group>"; };
		0B63400F0FA8960000C511A9 /* LinearWheelControl.h */ = {isa = PBXFileReference; fileEncoding = 4; lastKnownFileType = sourcecode.c.h; name = LinearWheelControl.h; path = Classes/LinearWheelControl.h; sourceTree = "<group>"; };
		0B6340100FA8960000C511A9 /* LinearWheelControl.m */ = {isa = PBXFileReference; fileEncoding = 4; lastKnownFileType = sourcecode.c.objc; name = LinearWheelControl.m; path = Classes/LinearWheelControl.m; sourceTree = "<group>"; };
		0B63404A0FA8A4C100C511A9 /* Default Linear Wheel BG.png */ = {isa = PBXFileReference; lastKnownFileType = image.png; name = "Default Linear Wheel BG.png"; path = "Images/Default Linear Wheel BG.png"; sourceTree = "<group>"; };
		0B63404B0FA8A4C100C511A9 /* Default Linear Wheel Thumb.png */ = {isa = PBXFileReference; lastKnownFileType = image.png; name = "Default Linear Wheel Thumb.png"; path = "Images/Default Linear Wheel Thumb.png"; sourceTree = "<group>"; };
		0B63415C0FA8D37100C511A9 /* iX_Yoke_Network.h */ = {isa = PBXFileReference; fileEncoding = 4; lastKnownFileType = sourcecode.c.h; name = iX_Yoke_Network.h; path = "../wi-fly-plugin/iX_Yoke_Network.h"; sourceTree = SOURCE_ROOT; };
		0B6342690FA91BC200C511A9 /* TrackPadControl.h */ = {isa = PBXFileReference; fileEncoding = 4; lastKnownFileType = sourcecode.c.h; name = TrackPadControl.h; path = Classes/TrackPadControl.h; sourceTree = "<group>"; };
		0B63426A0FA91BC200C511A9 /* TrackPadControl.m */ = {isa = PBXFileReference; fileEncoding = 4; lastKnownFileType = sourcecode.c.objc; name = TrackPadControl.m; path = Classes/TrackPadControl.m; sourceTree = "<group>"; };
		0B8BA85B10572D8A00D42EDD /* Default.png */ = {isa = PBXFileReference; lastKnownFileType = image.png; name = Default.png; path = Images/Default.png; sourceTree = "<group>"; };
		0BBF33370FCCB95A00F4F71B /* base.xcconfig */ = {isa = PBXFileReference; fileEncoding = 4; lastKnownFileType = text.xcconfig; name = base.xcconfig; path = "Build Configuration/base.xcconfig"; sourceTree = "<group>"; };
		0BBF333B0FCCB98D00F4F71B /* beta.xcconfig */ = {isa = PBXFileReference; fileEncoding = 4; lastKnownFileType = text.xcconfig; name = beta.xcconfig; path = "Build Configuration/beta.xcconfig"; sourceTree = "<group>"; };
		0BBF333F0FCCB9D500F4F71B /* debug.xcconfig */ = {isa = PBXFileReference; fileEncoding = 4; lastKnownFileType = text.xcconfig; name = debug.xcconfig; path = "Build Configuration/debug.xcconfig"; sourceTree = "<group>"; };
		0BBF33430FCCBB8500F4F71B /* release.xcconfig */ = {isa = PBXFileReference; fileEncoding = 4; lastKnownFileType = text.xcconfig; name = release.xcconfig; path = "Build Configuration/release.xcconfig"; sourceTree = "<group>"; };
		0BBF33710FCCBE2600F4F71B /* Entitlements.plist */ = {isa = PBXFileReference; fileEncoding = 4; lastKnownFileType = text.plist.xml; name = Entitlements.plist; path = "Build Configuration/Entitlements.plist"; sourceTree = "<group>"; };
		0BD16DB610514E310095D600 /* Icon.png */ = {isa = PBXFileReference; lastKnownFileType = image.png; name = Icon.png; path = Images/ICONS/Icon.png; sourceTree = "<group>"; };
		0BD16DB710514E310095D600 /* iTunesArtwork */ = {isa = PBXFileReference; explicitFileType = file; name = iTunesArtwork; path = Images/ICONS/iTunesArtwork; sourceTree = "<group>"; };
		0BD16E2C1051708A0095D600 /* HelpViewController.h */ = {isa = PBXFileReference; fileEncoding = 4; lastKnownFileType = sourcecode.c.h; name = HelpViewController.h; path = Classes/HelpViewController.h; sourceTree = "<group>"; };
		0BD16E2D1051708A0095D600 /* HelpViewController.m */ = {isa = PBXFileReference; fileEncoding = 4; lastKnownFileType = sourcecode.c.objc; name = HelpViewController.m; path = Classes/HelpViewController.m; sourceTree = "<group>"; };
		0BD16E2F105172F20095D600 /* local-help */ = {isa = PBXFileReference; lastKnownFileType = folder; path = "local-help"; sourceTree = "<group>"; };
		1D30AB110D05D00D00671497 /* Foundation.framework */ = {isa = PBXFileReference; lastKnownFileType = wrapper.framework; name = Foundation.framework; path = System/Library/Frameworks/Foundation.framework; sourceTree = SDKROOT; };
		1D3623240D0F684500981E51 /* iX_YokeAppDelegate.h */ = {isa = PBXFileReference; fileEncoding = 4; lastKnownFileType = sourcecode.c.h; path = iX_YokeAppDelegate.h; sourceTree = "<group>"; };
		1D3623250D0F684500981E51 /* iX_YokeAppDelegate.m */ = {isa = PBXFileReference; fileEncoding = 4; lastKnownFileType = sourcecode.c.objc; path = iX_YokeAppDelegate.m; sourceTree = "<group>"; };
		1D6058910D05DD3D006BFB54 /* WiFlyRemote.app */ = {isa = PBXFileReference; explicitFileType = wrapper.application; includeInIndex = 0; path = WiFlyRemote.app; sourceTree = BUILT_PRODUCTS_DIR; };
		1DF5F4DF0D08C38300B7A737 /* UIKit.framework */ = {isa = PBXFileReference; lastKnownFileType = wrapper.framework; name = UIKit.framework; path = System/Library/Frameworks/UIKit.framework; sourceTree = SDKROOT; };
		280E754A0DD40C5E005A515E /* FlipsideView.xib */ = {isa = PBXFileReference; lastKnownFileType = file.xib; name = FlipsideView.xib; path = Nibs/FlipsideView.xib; sourceTree = "<group>"; };
		280E754B0DD40C5E005A515E /* MainView.xib */ = {isa = PBXFileReference; lastKnownFileType = file.xib; name = MainView.xib; path = Nibs/MainView.xib; sourceTree = "<group>"; };
		280E754C0DD40C5E005A515E /* MainWindow.xib */ = {isa = PBXFileReference; lastKnownFileType = file.xib; name = MainWindow.xib; path = Nibs/MainWindow.xib; sourceTree = "<group>"; };
		288765580DF743DE002DB57D /* CoreGraphics.framework */ = {isa = PBXFileReference; lastKnownFileType = wrapper.framework; name = CoreGraphics.framework; path = System/Library/Frameworks/CoreGraphics.framework; sourceTree = SDKROOT; };
		289233A80DB2D0DB0083E9F9 /* MainViewController.h */ = {isa = PBXFileReference; fileEncoding = 4; lastKnownFileType = sourcecode.c.h; name = MainViewController.h; path = Classes/MainViewController.h; sourceTree = "<group>"; };
		289233A90DB2D0DB0083E9F9 /* MainViewController.m */ = {isa = PBXFileReference; fileEncoding = 4; lastKnownFileType = sourcecode.c.objc; name = MainViewController.m; path = Classes/MainViewController.m; sourceTree = "<group>"; };
		289233AC0DB2D0DB0083E9F9 /* FlipsideViewController.h */ = {isa = PBXFileReference; fileEncoding = 4; lastKnownFileType = sourcecode.c.h; name = FlipsideViewController.h; path = Classes/FlipsideViewController.h; sourceTree = "<group>"; };
		289233AD0DB2D0DB0083E9F9 /* FlipsideViewController.m */ = {isa = PBXFileReference; fileEncoding = 4; lastKnownFileType = sourcecode.c.objc; name = FlipsideViewController.m; path = Classes/FlipsideViewController.m; sourceTree = "<group>"; };
		29B97316FDCFA39411CA2CEA /* main.m */ = {isa = PBXFileReference; fileEncoding = 4; lastKnownFileType = sourcecode.c.objc; path = main.m; sourceTree = "<group>"; };
		32CA4F630368D1EE00C91783 /* iX_Yoke_Prefix.pch */ = {isa = PBXFileReference; fileEncoding = 4; lastKnownFileType = sourcecode.c.h; path = iX_Yoke_Prefix.pch; sourceTree = "<group>"; };
		8D1107310486CEB800E47090 /* iX_Yoke-Info.plist */ = {isa = PBXFileReference; fileEncoding = 4; lastKnownFileType = text.plist.xml; path = "iX_Yoke-Info.plist"; plistStructureDefinitionIdentifier = "com.apple.xcode.plist.structure-definition.iphone.info-plist"; sourceTree = "<group>"; };
/* End PBXFileReference section */

/* Begin PBXFrameworksBuildPhase section */
		1D60588F0D05DD3D006BFB54 /* Frameworks */ = {
			isa = PBXFrameworksBuildPhase;
			buildActionMask = 2147483647;
			files = (
				1D60589F0D05DD5A006BFB54 /* Foundation.framework in Frameworks */,
				1DF5F4E00D08C38300B7A737 /* UIKit.framework in Frameworks */,
				288765590DF743DE002DB57D /* CoreGraphics.framework in Frameworks */,
			);
			runOnlyForDeploymentPostprocessing = 0;
		};
/* End PBXFrameworksBuildPhase section */

/* Begin PBXGroup section */
		080E96DDFE201D6D7F000001 /* Application Delegate */ = {
			isa = PBXGroup;
			children = (
				1D3623240D0F684500981E51 /* iX_YokeAppDelegate.h */,
				1D3623250D0F684500981E51 /* iX_YokeAppDelegate.m */,
			);
			name = "Application Delegate";
			path = Classes;
			sourceTree = "<group>";
		};
		0B08BD2D0FA3CFE300BAF947 /* Classes */ = {
			isa = PBXGroup;
			children = (
				0B63400C0FA8959F00C511A9 /* Views */,
				289233A00DB2D0730083E9F9 /* Main View */,
				281C6CD70DB2D82200F60ACC /* Flipside View */,
				080E96DDFE201D6D7F000001 /* Application Delegate */,
			);
			name = Classes;
			sourceTree = "<group>";
		};
		0B08BDD70FA447A000BAF947 /* 3rd Party */ = {
			isa = PBXGroup;
			children = (
				0B08BDE20FA447AA00BAF947 /* AsyncUdpSocket.h */,
				0B08BDE30FA447AA00BAF947 /* AsyncUdpSocket.m */,
			);
			name = "3rd Party";
			sourceTree = "<group>";
		};
		0B63400C0FA8959F00C511A9 /* Views */ = {
			isa = PBXGroup;
			children = (
				0B63400F0FA8960000C511A9 /* LinearWheelControl.h */,
				0B6340100FA8960000C511A9 /* LinearWheelControl.m */,
				0B6342690FA91BC200C511A9 /* TrackPadControl.h */,
				0B63426A0FA91BC200C511A9 /* TrackPadControl.m */,
			);
			name = Views;
			sourceTree = "<group>";
		};
		0BBF33340FCCB8A200F4F71B /* Build Config */ = {
			isa = PBXGroup;
			children = (
				0BBF33370FCCB95A00F4F71B /* base.xcconfig */,
				0BBF33710FCCBE2600F4F71B /* Entitlements.plist */,
				0BBF33430FCCBB8500F4F71B /* release.xcconfig */,
				0BBF333B0FCCB98D00F4F71B /* beta.xcconfig */,
				0BBF333F0FCCB9D500F4F71B /* debug.xcconfig */,
			);
			name = "Build Config";
			sourceTree = "<group>";
		};
		19C28FACFE9D520D11CA2CBB /* Products */ = {
			isa = PBXGroup;
			children = (
				1D6058910D05DD3D006BFB54 /* WiFlyRemote.app */,
			);
			name = Products;
			sourceTree = "<group>";
		};
		281C6CD70DB2D82200F60ACC /* Flipside View */ = {
			isa = PBXGroup;
			children = (
				289233AC0DB2D0DB0083E9F9 /* FlipsideViewController.h */,
				289233AD0DB2D0DB0083E9F9 /* FlipsideViewController.m */,
				0BD16E2C1051708A0095D600 /* HelpViewController.h */,
				0BD16E2D1051708A0095D600 /* HelpViewController.m */,
			);
			name = "Flipside View";
			sourceTree = "<group>";
		};
		289233A00DB2D0730083E9F9 /* Main View */ = {
			isa = PBXGroup;
			children = (
				289233A80DB2D0DB0083E9F9 /* MainViewController.h */,
				289233A90DB2D0DB0083E9F9 /* MainViewController.m */,
			);
			name = "Main View";
			sourceTree = "<group>";
		};
		29B97314FDCFA39411CA2CEA /* CustomTemplate */ = {
			isa = PBXGroup;
			children = (
				0BBF33340FCCB8A200F4F71B /* Build Config */,
				0B08BDD70FA447A000BAF947 /* 3rd Party */,
				0B08BD2D0FA3CFE300BAF947 /* Classes */,
				29B97315FDCFA39411CA2CEA /* Other Sources */,
				29B97317FDCFA39411CA2CEA /* Resources */,
				29B97323FDCFA39411CA2CEA /* Frameworks */,
				19C28FACFE9D520D11CA2CBB /* Products */,
			);
			name = CustomTemplate;
			sourceTree = "<group>";
		};
		29B97315FDCFA39411CA2CEA /* Other Sources */ = {
			isa = PBXGroup;
			children = (
				0B63415C0FA8D37100C511A9 /* iX_Yoke_Network.h */,
				32CA4F630368D1EE00C91783 /* iX_Yoke_Prefix.pch */,
				29B97316FDCFA39411CA2CEA /* main.m */,
			);
			name = "Other Sources";
			sourceTree = "<group>";
		};
		29B97317FDCFA39411CA2CEA /* Resources */ = {
			isa = PBXGroup;
			children = (
				0BD16E2F105172F20095D600 /* local-help */,
				0BD16DB610514E310095D600 /* Icon.png */,
				0BD16DB710514E310095D600 /* iTunesArtwork */,
				0B63404A0FA8A4C100C511A9 /* Default Linear Wheel BG.png */,
				0B63404B0FA8A4C100C511A9 /* Default Linear Wheel Thumb.png */,
				280E754A0DD40C5E005A515E /* FlipsideView.xib */,
				280E754B0DD40C5E005A515E /* MainView.xib */,
				280E754C0DD40C5E005A515E /* MainWindow.xib */,
				8D1107310486CEB800E47090 /* iX_Yoke-Info.plist */,
				0B8BA85B10572D8A00D42EDD /* Default.png */,
			);
			name = Resources;
			sourceTree = "<group>";
		};
		29B97323FDCFA39411CA2CEA /* Frameworks */ = {
			isa = PBXGroup;
			children = (
				1DF5F4DF0D08C38300B7A737 /* UIKit.framework */,
				1D30AB110D05D00D00671497 /* Foundation.framework */,
				288765580DF743DE002DB57D /* CoreGraphics.framework */,
			);
			name = Frameworks;
			sourceTree = "<group>";
		};
/* End PBXGroup section */

/* Begin PBXNativeTarget section */
		1D6058900D05DD3D006BFB54 /* iX-Yoke */ = {
			isa = PBXNativeTarget;
			buildConfigurationList = 1D6058960D05DD3E006BFB54 /* Build configuration list for PBXNativeTarget "iX-Yoke" */;
			buildPhases = (
				1D60588D0D05DD3D006BFB54 /* Resources */,
				1D60588E0D05DD3D006BFB54 /* Sources */,
				1D60588F0D05DD3D006BFB54 /* Frameworks */,
				0BD16DD110514FF60095D600 /* ShellScript */,
			);
			buildRules = (
			);
			dependencies = (
			);
			name = "iX-Yoke";
			productName = "iX-Yoke";
			productReference = 1D6058910D05DD3D006BFB54 /* WiFlyRemote.app */;
			productType = "com.apple.product-type.application";
		};
/* End PBXNativeTarget section */

/* Begin PBXProject section */
		29B97313FDCFA39411CA2CEA /* Project object */ = {
			isa = PBXProject;
			buildConfigurationList = C01FCF4E08A954540054247B /* Build configuration list for PBXProject "iX-Yoke" */;
			compatibilityVersion = "Xcode 3.1";
			hasScannedForEncodings = 1;
			knownRegions = (
				English,
				Japanese,
				French,
				German,
				en,
			);
			mainGroup = 29B97314FDCFA39411CA2CEA /* CustomTemplate */;
			projectDirPath = "";
			projectRoot = "";
			targets = (
				1D6058900D05DD3D006BFB54 /* iX-Yoke */,
			);
		};
/* End PBXProject section */

/* Begin PBXResourcesBuildPhase section */
		1D60588D0D05DD3D006BFB54 /* Resources */ = {
			isa = PBXResourcesBuildPhase;
			buildActionMask = 2147483647;
			files = (
				280E754D0DD40C5E005A515E /* FlipsideView.xib in Resources */,
				280E754E0DD40C5E005A515E /* MainView.xib in Resources */,
				280E754F0DD40C5E005A515E /* MainWindow.xib in Resources */,
				0B63404C0FA8A4C100C511A9 /* Default Linear Wheel BG.png in Resources */,
				0B63404D0FA8A4C100C511A9 /* Default Linear Wheel Thumb.png in Resources */,
				0BD16DB810514E310095D600 /* Icon.png in Resources */,
				0BD16E33105172F20095D600 /* local-help in Resources */,
				0B54D5F21056024500540CC7 /* iTunesArtwork in Resources */,
				0B8BA85C10572D8A00D42EDD /* Default.png in Resources */,
			);
			runOnlyForDeploymentPostprocessing = 0;
		};
/* End PBXResourcesBuildPhase section */

/* Begin PBXShellScriptBuildPhase section */
		0BD16DD110514FF60095D600 /* ShellScript */ = {
			isa = PBXShellScriptBuildPhase;
			buildActionMask = 12;
			files = (
			);
			inputPaths = (
			);
			outputPaths = (
			);
			runOnlyForDeploymentPostprocessing = 0;
			shellPath = /bin/sh;
			shellScript = "# This doesn't seem to work -- gives error when installing on device...\nexit 0\n\nif [ \"$BUILD_STYLE\" = \"Beta\" ]; then\n\tcd \"${CONFIGURATION_BUILD_DIR}\"\n\tmkdir -p Payload\n\tcp -R \"${WRAPPER_NAME}\" Payload\n\tzip -r \"${PRODUCT_NAME}.ipa\" Payload\nfi\n";
		};
/* End PBXShellScriptBuildPhase section */

/* Begin PBXSourcesBuildPhase section */
		1D60588E0D05DD3D006BFB54 /* Sources */ = {
			isa = PBXSourcesBuildPhase;
			buildActionMask = 2147483647;
			files = (
				1D60589B0D05DD56006BFB54 /* main.m in Sources */,
				1D3623260D0F684500981E51 /* iX_YokeAppDelegate.m in Sources */,
				289233AE0DB2D0DB0083E9F9 /* MainViewController.m in Sources */,
				289233B00DB2D0DB0083E9F9 /* FlipsideViewController.m in Sources */,
				0B08BDE40FA447AA00BAF947 /* AsyncUdpSocket.m in Sources */,
				0B6340110FA8960000C511A9 /* LinearWheelControl.m in Sources */,
				0B63426B0FA91BC200C511A9 /* TrackPadControl.m in Sources */,
				0BD16E2E1051708A0095D600 /* HelpViewController.m in Sources */,
			);
			runOnlyForDeploymentPostprocessing = 0;
		};
/* End PBXSourcesBuildPhase section */

/* Begin XCBuildConfiguration section */
		0BA4147F0FEC660800A346AB /* Debug */ = {
			isa = XCBuildConfiguration;
			baseConfigurationReference = 0BBF333F0FCCB9D500F4F71B /* debug.xcconfig */;
			buildSettings = {
			};
			name = Debug;
		};
		0BA414800FEC660800A346AB /* Debug */ = {
			isa = XCBuildConfiguration;
			baseConfigurationReference = 0BBF333F0FCCB9D500F4F71B /* debug.xcconfig */;
			buildSettings = {
			};
			name = Debug;
		};
		0BA414810FEC660B00A346AB /* Beta */ = {
			isa = XCBuildConfiguration;
			baseConfigurationReference = 0BBF333B0FCCB98D00F4F71B /* beta.xcconfig */;
			buildSettings = {
			};
			name = Beta;
		};
		0BA414820FEC660B00A346AB /* Beta */ = {
			isa = XCBuildConfiguration;
			baseConfigurationReference = 0BBF333B0FCCB98D00F4F71B /* beta.xcconfig */;
			buildSettings = {
			};
			name = Beta;
		};
		1D6058950D05DD3E006BFB54 /* Release */ = {
			isa = XCBuildConfiguration;
			baseConfigurationReference = 0BBF33430FCCBB8500F4F71B /* release.xcconfig */;
			buildSettings = {
			};
			name = Release;
		};
		C01FCF5008A954540054247B /* Release */ = {
			isa = XCBuildConfiguration;
			baseConfigurationReference = 0BBF33430FCCBB8500F4F71B /* release.xcconfig */;
			buildSettings = {
			};
			name = Release;
		};
/* End XCBuildConfiguration section */

/* Begin XCConfigurationList section */
		1D6058960D05DD3E006BFB54 /* Build configuration list for PBXNativeTarget "iX-Yoke" */ = {
			isa = XCConfigurationList;
			buildConfigurations = (
				1D6058950D05DD3E006BFB54 /* Release */,
				0BA414820FEC660B00A346AB /* Beta */,
				0BA414800FEC660800A346AB /* Debug */,
			);
			defaultConfigurationIsVisible = 0;
			defaultConfigurationName = Release;
		};
		C01FCF4E08A954540054247B /* Build configuration list for PBXProject "iX-Yoke" */ = {
			isa = XCConfigurationList;
			buildConfigurations = (
				C01FCF5008A954540054247B /* Release */,
				0BA414810FEC660B00A346AB /* Beta */,
				0BA4147F0FEC660800A346AB /* Debug */,
			);
			defaultConfigurationIsVisible = 0;
			defaultConfigurationName = Release;
		};
/* End XCConfigurationList section */
	};
	rootObject = 29B97313FDCFA39411CA2CEA /* Project object */;
}
